// !$*UTF8*$!
{
	archiveVersion = 1;
	classes = {
	};
	objectVersion = 55;
	objects = {

/* Begin PBXBuildFile section */
		9AFDD6602804994B00B077D2 /* AppDelegate.swift in Sources */ = {isa = PBXBuildFile; fileRef = 9AFDD65F2804994B00B077D2 /* AppDelegate.swift */; };
		9AFDD6622804994B00B077D2 /* SceneDelegate.swift in Sources */ = {isa = PBXBuildFile; fileRef = 9AFDD6612804994B00B077D2 /* SceneDelegate.swift */; };
		9AFDD6672804994B00B077D2 /* Main.storyboard in Resources */ = {isa = PBXBuildFile; fileRef = 9AFDD6652804994B00B077D2 /* Main.storyboard */; };
		9AFDD6692804994C00B077D2 /* Assets.xcassets in Resources */ = {isa = PBXBuildFile; fileRef = 9AFDD6682804994C00B077D2 /* Assets.xcassets */; };
		9AFDD66C2804994C00B077D2 /* LaunchScreen.storyboard in Resources */ = {isa = PBXBuildFile; fileRef = 9AFDD66A2804994C00B077D2 /* LaunchScreen.storyboard */; };
		9AFDD6762804995D00B077D2 /* CloudKit.framework in Frameworks */ = {isa = PBXBuildFile; fileRef = 9AFDD6752804995D00B077D2 /* CloudKit.framework */; };
		9AFDD68128049A4100B077D2 /* Entry.swift in Sources */ = {isa = PBXBuildFile; fileRef = 9AFDD68028049A4100B077D2 /* Entry.swift */; };
		9AFDD68328049D1C00B077D2 /* EntryController.swift in Sources */ = {isa = PBXBuildFile; fileRef = 9AFDD68228049D1C00B077D2 /* EntryController.swift */; };
		9AFDD68528049E6500B077D2 /* EntryError.swift in Sources */ = {isa = PBXBuildFile; fileRef = 9AFDD68428049E6500B077D2 /* EntryError.swift */; };
		9AFDD6872804B08200B077D2 /* EntryListTableViewController.swift in Sources */ = {isa = PBXBuildFile; fileRef = 9AFDD6862804B08200B077D2 /* EntryListTableViewController.swift */; };
		9AFDD68A2804C19100B077D2 /* Date+String.swift in Sources */ = {isa = PBXBuildFile; fileRef = 9AFDD6892804C19100B077D2 /* Date+String.swift */; };
		9AFDD68C2804C38900B077D2 /* EntryDetailViewController.swift in Sources */ = {isa = PBXBuildFile; fileRef = 9AFDD68B2804C38900B077D2 /* EntryDetailViewController.swift */; };
/* End PBXBuildFile section */

/* Begin PBXFileReference section */
		9AFDD65C2804994B00B077D2 /* Journal-CK.app */ = {isa = PBXFileReference; explicitFileType = wrapper.application; includeInIndex = 0; path = "Journal-CK.app"; sourceTree = BUILT_PRODUCTS_DIR; };
		9AFDD65F2804994B00B077D2 /* AppDelegate.swift */ = {isa = PBXFileReference; lastKnownFileType = sourcecode.swift; path = AppDelegate.swift; sourceTree = "<group>"; };
		9AFDD6612804994B00B077D2 /* SceneDelegate.swift */ = {isa = PBXFileReference; lastKnownFileType = sourcecode.swift; path = SceneDelegate.swift; sourceTree = "<group>"; };
		9AFDD6662804994B00B077D2 /* Base */ = {isa = PBXFileReference; lastKnownFileType = file.storyboard; name = Base; path = Base.lproj/Main.storyboard; sourceTree = "<group>"; };
		9AFDD6682804994C00B077D2 /* Assets.xcassets */ = {isa = PBXFileReference; lastKnownFileType = folder.assetcatalog; path = Assets.xcassets; sourceTree = "<group>"; };
		9AFDD66B2804994C00B077D2 /* Base */ = {isa = PBXFileReference; lastKnownFileType = file.storyboard; name = Base; path = Base.lproj/LaunchScreen.storyboard; sourceTree = "<group>"; };
		9AFDD66D2804994C00B077D2 /* Info.plist */ = {isa = PBXFileReference; lastKnownFileType = text.plist.xml; path = Info.plist; sourceTree = "<group>"; };
		9AFDD6732804995A00B077D2 /* Journal-CK.entitlements */ = {isa = PBXFileReference; lastKnownFileType = text.plist.entitlements; path = "Journal-CK.entitlements"; sourceTree = "<group>"; };
		9AFDD6752804995D00B077D2 /* CloudKit.framework */ = {isa = PBXFileReference; lastKnownFileType = wrapper.framework; name = CloudKit.framework; path = System/Library/Frameworks/CloudKit.framework; sourceTree = SDKROOT; };
		9AFDD68028049A4100B077D2 /* Entry.swift */ = {isa = PBXFileReference; lastKnownFileType = sourcecode.swift; path = Entry.swift; sourceTree = "<group>"; };
		9AFDD68228049D1C00B077D2 /* EntryController.swift */ = {isa = PBXFileReference; lastKnownFileType = sourcecode.swift; path = EntryController.swift; sourceTree = "<group>"; };
		9AFDD68428049E6500B077D2 /* EntryError.swift */ = {isa = PBXFileReference; lastKnownFileType = sourcecode.swift; path = EntryError.swift; sourceTree = "<group>"; };
		9AFDD6862804B08200B077D2 /* EntryListTableViewController.swift */ = {isa = PBXFileReference; lastKnownFileType = sourcecode.swift; path = EntryListTableViewController.swift; sourceTree = "<group>"; };
		9AFDD6892804C19100B077D2 /* Date+String.swift */ = {isa = PBXFileReference; lastKnownFileType = sourcecode.swift; path = "Date+String.swift"; sourceTree = "<group>"; };
		9AFDD68B2804C38900B077D2 /* EntryDetailViewController.swift */ = {isa = PBXFileReference; lastKnownFileType = sourcecode.swift; path = EntryDetailViewController.swift; sourceTree = "<group>"; };
/* End PBXFileReference section */

/* Begin PBXFrameworksBuildPhase section */
		9AFDD6592804994B00B077D2 /* Frameworks */ = {
			isa = PBXFrameworksBuildPhase;
			buildActionMask = 2147483647;
			files = (
				9AFDD6762804995D00B077D2 /* CloudKit.framework in Frameworks */,
			);
			runOnlyForDeploymentPostprocessing = 0;
		};
/* End PBXFrameworksBuildPhase section */

/* Begin PBXGroup section */
		9AFDD6532804994B00B077D2 = {
			isa = PBXGroup;
			children = (
				9AFDD65E2804994B00B077D2 /* Journal-CK */,
				9AFDD65D2804994B00B077D2 /* Products */,
				9AFDD6742804995D00B077D2 /* Frameworks */,
			);
			sourceTree = "<group>";
		};
		9AFDD65D2804994B00B077D2 /* Products */ = {
			isa = PBXGroup;
			children = (
				9AFDD65C2804994B00B077D2 /* Journal-CK.app */,
			);
			name = Products;
			sourceTree = "<group>";
		};
		9AFDD65E2804994B00B077D2 /* Journal-CK */ = {
			isa = PBXGroup;
			children = (
				9AFDD6732804995A00B077D2 /* Journal-CK.entitlements */,
				9AFDD67B28049A1100B077D2 /* Controllers */,
				9AFDD67A28049A0D00B077D2 /* Models */,
				9AFDD678280499D500B077D2 /* Views */,
				9AFDD67C28049A1400B077D2 /* Utils */,
				9AFDD677280499C700B077D2 /* Resources */,
			);
			path = "Journal-CK";
			sourceTree = "<group>";
		};
		9AFDD6742804995D00B077D2 /* Frameworks */ = {
			isa = PBXGroup;
			children = (
				9AFDD6752804995D00B077D2 /* CloudKit.framework */,
			);
			name = Frameworks;
			sourceTree = "<group>";
		};
		9AFDD677280499C700B077D2 /* Resources */ = {
			isa = PBXGroup;
			children = (
				9AFDD65F2804994B00B077D2 /* AppDelegate.swift */,
				9AFDD6612804994B00B077D2 /* SceneDelegate.swift */,
				9AFDD6682804994C00B077D2 /* Assets.xcassets */,
				9AFDD66D2804994C00B077D2 /* Info.plist */,
			);
			path = Resources;
			sourceTree = "<group>";
		};
		9AFDD678280499D500B077D2 /* Views */ = {
			isa = PBXGroup;
			children = (
				9AFDD679280499D700B077D2 /* Storyboards */,
			);
			path = Views;
			sourceTree = "<group>";
		};
		9AFDD679280499D700B077D2 /* Storyboards */ = {
			isa = PBXGroup;
			children = (
				9AFDD6652804994B00B077D2 /* Main.storyboard */,
				9AFDD66A2804994C00B077D2 /* LaunchScreen.storyboard */,
			);
			path = Storyboards;
			sourceTree = "<group>";
		};
		9AFDD67A28049A0D00B077D2 /* Models */ = {
			isa = PBXGroup;
			children = (
				9AFDD68028049A4100B077D2 /* Entry.swift */,
			);
			path = Models;
			sourceTree = "<group>";
		};
		9AFDD67B28049A1100B077D2 /* Controllers */ = {
			isa = PBXGroup;
			children = (
				9AFDD67E28049A1D00B077D2 /* View Controllers */,
				9AFDD67D28049A1800B077D2 /* Model Controllers */,
			);
			path = Controllers;
			sourceTree = "<group>";
		};
		9AFDD67C28049A1400B077D2 /* Utils */ = {
			isa = PBXGroup;
			children = (
				9AFDD6882804C18500B077D2 /* Extensions */,
				9AFDD68428049E6500B077D2 /* EntryError.swift */,
			);
			path = Utils;
			sourceTree = "<group>";
		};
		9AFDD67D28049A1800B077D2 /* Model Controllers */ = {
			isa = PBXGroup;
			children = (
				9AFDD68228049D1C00B077D2 /* EntryController.swift */,
			);
			path = "Model Controllers";
			sourceTree = "<group>";
		};
		9AFDD67E28049A1D00B077D2 /* View Controllers */ = {
			isa = PBXGroup;
			children = (
				9AFDD6862804B08200B077D2 /* EntryListTableViewController.swift */,
				9AFDD68B2804C38900B077D2 /* EntryDetailViewController.swift */,
			);
			path = "View Controllers";
			sourceTree = "<group>";
		};
		9AFDD6882804C18500B077D2 /* Extensions */ = {
			isa = PBXGroup;
			children = (
				9AFDD6892804C19100B077D2 /* Date+String.swift */,
			);
			path = Extensions;
			sourceTree = "<group>";
		};
/* End PBXGroup section */

/* Begin PBXNativeTarget section */
		9AFDD65B2804994B00B077D2 /* Journal-CK */ = {
			isa = PBXNativeTarget;
			buildConfigurationList = 9AFDD6702804994C00B077D2 /* Build configuration list for PBXNativeTarget "Journal-CK" */;
			buildPhases = (
				9AFDD6582804994B00B077D2 /* Sources */,
				9AFDD6592804994B00B077D2 /* Frameworks */,
				9AFDD65A2804994B00B077D2 /* Resources */,
			);
			buildRules = (
			);
			dependencies = (
			);
			name = "Journal-CK";
			productName = "Journal-CK";
			productReference = 9AFDD65C2804994B00B077D2 /* Journal-CK.app */;
			productType = "com.apple.product-type.application";
		};
/* End PBXNativeTarget section */

/* Begin PBXProject section */
		9AFDD6542804994B00B077D2 /* Project object */ = {
			isa = PBXProject;
			attributes = {
				BuildIndependentTargetsInParallel = 1;
				LastSwiftUpdateCheck = 1330;
				LastUpgradeCheck = 1330;
				TargetAttributes = {
					9AFDD65B2804994B00B077D2 = {
						CreatedOnToolsVersion = 13.3;
					};
				};
			};
			buildConfigurationList = 9AFDD6572804994B00B077D2 /* Build configuration list for PBXProject "Journal-CK" */;
			compatibilityVersion = "Xcode 13.0";
			developmentRegion = en;
			hasScannedForEncodings = 0;
			knownRegions = (
				en,
				Base,
			);
			mainGroup = 9AFDD6532804994B00B077D2;
			productRefGroup = 9AFDD65D2804994B00B077D2 /* Products */;
			projectDirPath = "";
			projectRoot = "";
			targets = (
				9AFDD65B2804994B00B077D2 /* Journal-CK */,
			);
		};
/* End PBXProject section */

/* Begin PBXResourcesBuildPhase section */
		9AFDD65A2804994B00B077D2 /* Resources */ = {
			isa = PBXResourcesBuildPhase;
			buildActionMask = 2147483647;
			files = (
				9AFDD66C2804994C00B077D2 /* LaunchScreen.storyboard in Resources */,
				9AFDD6692804994C00B077D2 /* Assets.xcassets in Resources */,
				9AFDD6672804994B00B077D2 /* Main.storyboard in Resources */,
			);
			runOnlyForDeploymentPostprocessing = 0;
		};
/* End PBXResourcesBuildPhase section */

/* Begin PBXSourcesBuildPhase section */
		9AFDD6582804994B00B077D2 /* Sources */ = {
			isa = PBXSourcesBuildPhase;
			buildActionMask = 2147483647;
			files = (
				9AFDD68A2804C19100B077D2 /* Date+String.swift in Sources */,
				9AFDD68128049A4100B077D2 /* Entry.swift in Sources */,
				9AFDD68528049E6500B077D2 /* EntryError.swift in Sources */,
				9AFDD6872804B08200B077D2 /* EntryListTableViewController.swift in Sources */,
				9AFDD6602804994B00B077D2 /* AppDelegate.swift in Sources */,
				9AFDD68328049D1C00B077D2 /* EntryController.swift in Sources */,
				9AFDD68C2804C38900B077D2 /* EntryDetailViewController.swift in Sources */,
				9AFDD6622804994B00B077D2 /* SceneDelegate.swift in Sources */,
			);
			runOnlyForDeploymentPostprocessing = 0;
		};
/* End PBXSourcesBuildPhase section */

/* Begin PBXVariantGroup section */
		9AFDD6652804994B00B077D2 /* Main.storyboard */ = {
			isa = PBXVariantGroup;
			children = (
				9AFDD6662804994B00B077D2 /* Base */,
			);
			name = Main.storyboard;
			sourceTree = "<group>";
		};
		9AFDD66A2804994C00B077D2 /* LaunchScreen.storyboard */ = {
			isa = PBXVariantGroup;
			children = (
				9AFDD66B2804994C00B077D2 /* Base */,
			);
			name = LaunchScreen.storyboard;
			sourceTree = "<group>";
		};
/* End PBXVariantGroup section */

/* Begin XCBuildConfiguration section */
		9AFDD66E2804994C00B077D2 /* Debug */ = {
			isa = XCBuildConfiguration;
			buildSettings = {
				ALWAYS_SEARCH_USER_PATHS = NO;
				CLANG_ANALYZER_NONNULL = YES;
				CLANG_ANALYZER_NUMBER_OBJECT_CONVERSION = YES_AGGRESSIVE;
				CLANG_CXX_LANGUAGE_STANDARD = "gnu++17";
				CLANG_ENABLE_MODULES = YES;
				CLANG_ENABLE_OBJC_ARC = YES;
				CLANG_ENABLE_OBJC_WEAK = YES;
				CLANG_WARN_BLOCK_CAPTURE_AUTORELEASING = YES;
				CLANG_WARN_BOOL_CONVERSION = YES;
				CLANG_WARN_COMMA = YES;
				CLANG_WARN_CONSTANT_CONVERSION = YES;
				CLANG_WARN_DEPRECATED_OBJC_IMPLEMENTATIONS = YES;
				CLANG_WARN_DIRECT_OBJC_ISA_USAGE = YES_ERROR;
				CLANG_WARN_DOCUMENTATION_COMMENTS = YES;
				CLANG_WARN_EMPTY_BODY = YES;
				CLANG_WARN_ENUM_CONVERSION = YES;
				CLANG_WARN_INFINITE_RECURSION = YES;
				CLANG_WARN_INT_CONVERSION = YES;
				CLANG_WARN_NON_LITERAL_NULL_CONVERSION = YES;
				CLANG_WARN_OBJC_IMPLICIT_RETAIN_SELF = YES;
				CLANG_WARN_OBJC_LITERAL_CONVERSION = YES;
				CLANG_WARN_OBJC_ROOT_CLASS = YES_ERROR;
				CLANG_WARN_QUOTED_INCLUDE_IN_FRAMEWORK_HEADER = YES;
				CLANG_WARN_RANGE_LOOP_ANALYSIS = YES;
				CLANG_WARN_STRICT_PROTOTYPES = YES;
				CLANG_WARN_SUSPICIOUS_MOVE = YES;
				CLANG_WARN_UNGUARDED_AVAILABILITY = YES_AGGRESSIVE;
				CLANG_WARN_UNREACHABLE_CODE = YES;
				CLANG_WARN__DUPLICATE_METHOD_MATCH = YES;
				COPY_PHASE_STRIP = NO;
				DEBUG_INFORMATION_FORMAT = dwarf;
				ENABLE_STRICT_OBJC_MSGSEND = YES;
				ENABLE_TESTABILITY = YES;
				GCC_C_LANGUAGE_STANDARD = gnu11;
				GCC_DYNAMIC_NO_PIC = NO;
				GCC_NO_COMMON_BLOCKS = YES;
				GCC_OPTIMIZATION_LEVEL = 0;
				GCC_PREPROCESSOR_DEFINITIONS = (
					"DEBUG=1",
					"$(inherited)",
				);
				GCC_WARN_64_TO_32_BIT_CONVERSION = YES;
				GCC_WARN_ABOUT_RETURN_TYPE = YES_ERROR;
				GCC_WARN_UNDECLARED_SELECTOR = YES;
				GCC_WARN_UNINITIALIZED_AUTOS = YES_AGGRESSIVE;
				GCC_WARN_UNUSED_FUNCTION = YES;
				GCC_WARN_UNUSED_VARIABLE = YES;
				IPHONEOS_DEPLOYMENT_TARGET = 15.4;
				MTL_ENABLE_DEBUG_INFO = INCLUDE_SOURCE;
				MTL_FAST_MATH = YES;
				ONLY_ACTIVE_ARCH = YES;
				SDKROOT = iphoneos;
				SWIFT_ACTIVE_COMPILATION_CONDITIONS = DEBUG;
				SWIFT_OPTIMIZATION_LEVEL = "-Onone";
			};
			name = Debug;
		};
		9AFDD66F2804994C00B077D2 /* Release */ = {
			isa = XCBuildConfiguration;
			buildSettings = {
				ALWAYS_SEARCH_USER_PATHS = NO;
				CLANG_ANALYZER_NONNULL = YES;
				CLANG_ANALYZER_NUMBER_OBJECT_CONVERSION = YES_AGGRESSIVE;
				CLANG_CXX_LANGUAGE_STANDARD = "gnu++17";
				CLANG_ENABLE_MODULES = YES;
				CLANG_ENABLE_OBJC_ARC = YES;
				CLANG_ENABLE_OBJC_WEAK = YES;
				CLANG_WARN_BLOCK_CAPTURE_AUTORELEASING = YES;
				CLANG_WARN_BOOL_CONVERSION = YES;
				CLANG_WARN_COMMA = YES;
				CLANG_WARN_CONSTANT_CONVERSION = YES;
				CLANG_WARN_DEPRECATED_OBJC_IMPLEMENTATIONS = YES;
				CLANG_WARN_DIRECT_OBJC_ISA_USAGE = YES_ERROR;
				CLANG_WARN_DOCUMENTATION_COMMENTS = YES;
				CLANG_WARN_EMPTY_BODY = YES;
				CLANG_WARN_ENUM_CONVERSION = YES;
				CLANG_WARN_INFINITE_RECURSION = YES;
				CLANG_WARN_INT_CONVERSION = YES;
				CLANG_WARN_NON_LITERAL_NULL_CONVERSION = YES;
				CLANG_WARN_OBJC_IMPLICIT_RETAIN_SELF = YES;
				CLANG_WARN_OBJC_LITERAL_CONVERSION = YES;
				CLANG_WARN_OBJC_ROOT_CLASS = YES_ERROR;
				CLANG_WARN_QUOTED_INCLUDE_IN_FRAMEWORK_HEADER = YES;
				CLANG_WARN_RANGE_LOOP_ANALYSIS = YES;
				CLANG_WARN_STRICT_PROTOTYPES = YES;
				CLANG_WARN_SUSPICIOUS_MOVE = YES;
				CLANG_WARN_UNGUARDED_AVAILABILITY = YES_AGGRESSIVE;
				CLANG_WARN_UNREACHABLE_CODE = YES;
				CLANG_WARN__DUPLICATE_METHOD_MATCH = YES;
				COPY_PHASE_STRIP = NO;
				DEBUG_INFORMATION_FORMAT = "dwarf-with-dsym";
				ENABLE_NS_ASSERTIONS = NO;
				ENABLE_STRICT_OBJC_MSGSEND = YES;
				GCC_C_LANGUAGE_STANDARD = gnu11;
				GCC_NO_COMMON_BLOCKS = YES;
				GCC_WARN_64_TO_32_BIT_CONVERSION = YES;
				GCC_WARN_ABOUT_RETURN_TYPE = YES_ERROR;
				GCC_WARN_UNDECLARED_SELECTOR = YES;
				GCC_WARN_UNINITIALIZED_AUTOS = YES_AGGRESSIVE;
				GCC_WARN_UNUSED_FUNCTION = YES;
				GCC_WARN_UNUSED_VARIABLE = YES;
				IPHONEOS_DEPLOYMENT_TARGET = 15.4;
				MTL_ENABLE_DEBUG_INFO = NO;
				MTL_FAST_MATH = YES;
				SDKROOT = iphoneos;
				SWIFT_COMPILATION_MODE = wholemodule;
				SWIFT_OPTIMIZATION_LEVEL = "-O";
				VALIDATE_PRODUCT = YES;
			};
			name = Release;
		};
		9AFDD6712804994C00B077D2 /* Debug */ = {
			isa = XCBuildConfiguration;
			buildSettings = {
				ASSETCATALOG_COMPILER_APPICON_NAME = AppIcon;
				ASSETCATALOG_COMPILER_GLOBAL_ACCENT_COLOR_NAME = AccentColor;
				CODE_SIGN_ENTITLEMENTS = "Journal-CK/Journal-CK.entitlements";
				CODE_SIGN_STYLE = Automatic;
				CURRENT_PROJECT_VERSION = 1;
				DEVELOPMENT_TEAM = 72A8K5D64W;
				GENERATE_INFOPLIST_FILE = YES;
				INFOPLIST_FILE = "Journal-CK/Resources/Info.plist";
				INFOPLIST_KEY_UIApplicationSupportsIndirectInputEvents = YES;
				INFOPLIST_KEY_UILaunchStoryboardName = LaunchScreen;
				INFOPLIST_KEY_UIMainStoryboardFile = Main;
				INFOPLIST_KEY_UISupportedInterfaceOrientations_iPad = "UIInterfaceOrientationPortrait UIInterfaceOrientationPortraitUpsideDown UIInterfaceOrientationLandscapeLeft UIInterfaceOrientationLandscapeRight";
				INFOPLIST_KEY_UISupportedInterfaceOrientations_iPhone = "UIInterfaceOrientationPortrait UIInterfaceOrientationLandscapeLeft UIInterfaceOrientationLandscapeRight";
				IPHONEOS_DEPLOYMENT_TARGET = 15.0;
				LD_RUNPATH_SEARCH_PATHS = (
					"$(inherited)",
					"@executable_path/Frameworks",
				);
				MARKETING_VERSION = 1.0;
				PRODUCT_BUNDLE_IDENTIFIER = "me.andrewelliott.Journal-CK";
				PRODUCT_NAME = "$(TARGET_NAME)";
				SWIFT_EMIT_LOC_STRINGS = YES;
				SWIFT_VERSION = 5.0;
				TARGETED_DEVICE_FAMILY = "1,2";
			};
			name = Debug;
		};
		9AFDD6722804994C00B077D2 /* Release */ = {
			isa = XCBuildConfiguration;
			buildSettings = {
				ASSETCATALOG_COMPILER_APPICON_NAME = AppIcon;
				ASSETCATALOG_COMPILER_GLOBAL_ACCENT_COLOR_NAME = AccentColor;
				CODE_SIGN_ENTITLEMENTS = "Journal-CK/Journal-CK.entitlements";
				CODE_SIGN_STYLE = Automatic;
				CURRENT_PROJECT_VERSION = 1;
				DEVELOPMENT_TEAM = 72A8K5D64W;
				GENERATE_INFOPLIST_FILE = YES;
				INFOPLIST_FILE = "Journal-CK/Resources/Info.plist";
				INFOPLIST_KEY_UIApplicationSupportsIndirectInputEvents = YES;
				INFOPLIST_KEY_UILaunchStoryboardName = LaunchScreen;
				INFOPLIST_KEY_UIMainStoryboardFile = Main;
				INFOPLIST_KEY_UISupportedInterfaceOrientations_iPad = "UIInterfaceOrientationPortrait UIInterfaceOrientationPortraitUpsideDown UIInterfaceOrientationLandscapeLeft UIInterfaceOrientationLandscapeRight";
				INFOPLIST_KEY_UISupportedInterfaceOrientations_iPhone = "UIInterfaceOrientationPortrait UIInterfaceOrientationLandscapeLeft UIInterfaceOrientationLandscapeRight";
				IPHONEOS_DEPLOYMENT_TARGET = 15.0;
				LD_RUNPATH_SEARCH_PATHS = (
					"$(inherited)",
					"@executable_path/Frameworks",
				);
				MARKETING_VERSION = 1.0;
				PRODUCT_BUNDLE_IDENTIFIER = "me.andrewelliott.Journal-CK";
				PRODUCT_NAME = "$(TARGET_NAME)";
				SWIFT_EMIT_LOC_STRINGS = YES;
				SWIFT_VERSION = 5.0;
				TARGETED_DEVICE_FAMILY = "1,2";
			};
			name = Release;
		};
/* End XCBuildConfiguration section */

/* Begin XCConfigurationList section */
		9AFDD6572804994B00B077D2 /* Build configuration list for PBXProject "Journal-CK" */ = {
			isa = XCConfigurationList;
			buildConfigurations = (
				9AFDD66E2804994C00B077D2 /* Debug */,
				9AFDD66F2804994C00B077D2 /* Release */,
			);
			defaultConfigurationIsVisible = 0;
			defaultConfigurationName = Release;
		};
		9AFDD6702804994C00B077D2 /* Build configuration list for PBXNativeTarget "Journal-CK" */ = {
			isa = XCConfigurationList;
			buildConfigurations = (
				9AFDD6712804994C00B077D2 /* Debug */,
				9AFDD6722804994C00B077D2 /* Release */,
			);
			defaultConfigurationIsVisible = 0;
			defaultConfigurationName = Release;
		};
/* End XCConfigurationList section */
	};
	rootObject = 9AFDD6542804994B00B077D2 /* Project object */;
}
